
Microsoft Visual Studio Solution File, Format Version 12.00
# Visual Studio 2013
VisualStudioVersion = 12.0.30723.0
MinimumVisualStudioVersion = 10.0.40219.1
Project("{FAE04EC0-301F-11D3-BF4B-00C04F79EFBC}") = "ISE.SM.Bussiness", "ISE.SM.Bussiness\ISE.SM.Bussiness.csproj", "{CA07FCEE-0564-4281-A976-B7AD9F90D684}"
EndProject
Project("{FAE04EC0-301F-11D3-BF4B-00C04F79EFBC}") = "ISE.SM.DataAccess", "ISE.SM.DataAccess\ISE.SM.DataAccess.csproj", "{DB84D4D3-8568-4032-9E4A-57AD8DE719DE}"
EndProject
Project("{FAE04EC0-301F-11D3-BF4B-00C04F79EFBC}") = "ISE.SM.Common", "ISE.SM.Common\ISE.SM.Common.csproj", "{EB685F99-C0D0-42B4-99A1-85090D51E583}"
EndProject
Project("{FAE04EC0-301F-11D3-BF4B-00C04F79EFBC}") = "ISE.SM.Model", "ISE.SM.Model\ISE.SM.Model.csproj", "{9536D9E5-F9B1-4DB6-9691-C42F1DCB6723}"
EndProject
Project("{FAE04EC0-301F-11D3-BF4B-00C04F79EFBC}") = "ISE.SM.Service", "ISE.SM.Service\ISE.SM.Service.csproj", "{122B4674-6EF8-4A5D-BDD6-3E12E7861010}"
EndProject
Project("{FAE04EC0-301F-11D3-BF4B-00C04F79EFBC}") = "ISE.SM.Service.ConsoleHost", "ISE.SM.Service.ConsoleHost\ISE.SM.Service.ConsoleHost.csproj", "{235277F4-8322-4D0C-817D-5D379F47BAB5}"
EndProject
Project("{FAE04EC0-301F-11D3-BF4B-00C04F79EFBC}") = "ISE.SM.UnitTest", "ISE.SM.UnitTest\ISE.SM.UnitTest.csproj", "{4C159D9C-FFCF-4A0E-9368-4DBCFE0856A1}"
EndProject
Project("{FAE04EC0-301F-11D3-BF4B-00C04F79EFBC}") = "ISE.SM.Utility", "ISE.SM.Utility\ISE.SM.Utility.csproj", "{8E0B28A2-D5C5-403F-AD13-9C3BC6AC4E6F}"
EndProject
Project("{FAE04EC0-301F-11D3-BF4B-00C04F79EFBC}") = "ISE.SM.Client", "ISE.SM.Client\ISE.SM.Client.csproj", "{593EAEF2-CFD5-44A1-BBB7-EFEE76656E07}"
EndProject
Project("{FAE04EC0-301F-11D3-BF4B-00C04F79EFBC}") = "ISE.SM.Client.Common", "ISE.SM.Client.Common\ISE.SM.Client.Common.csproj", "{61533B21-4C38-4EA0-B5A8-4BCF8F60776E}"
EndProject
Project("{FAE04EC0-301F-11D3-BF4B-00C04F79EFBC}") = "ISE.SM.FormTest", "ISE.SM.FormTest\ISE.SM.FormTest.csproj", "{92391B48-6844-42C5-9ED7-0F798A51E01B}"
EndProject
Project("{FAE04EC0-301F-11D3-BF4B-00C04F79EFBC}") = "ISE.SecurityLogin", "IseIkcoSecurityLogin\ISE.SecurityLogin.csproj", "{F47D69ED-F336-4AA5-B958-432834D3A307}"
EndProject
Project("{FAE04EC0-301F-11D3-BF4B-00C04F79EFBC}") = "SMTestWeb", "SMTestWeb\SMTestWeb.csproj", "{C110A0DC-555E-46F6-ABB4-D9BF86011A72}"
EndProject
Project("{FAE04EC0-301F-11D3-BF4B-00C04F79EFBC}") = "ISE.SM.Service.WindowsHost", "ISE.SM.Service.WindowsHost\ISE.SM.Service.WindowsHost.csproj", "{BEA3808F-7478-4F19-8C7B-06DD3AC01D02}"
EndProject
Global
	GlobalSection(SolutionConfigurationPlatforms) = preSolution
		Debug|Any CPU = Debug|Any CPU
		Debug|x86 = Debug|x86
		Release|Any CPU = Release|Any CPU
		Release|x86 = Release|x86
	EndGlobalSection
	GlobalSection(ProjectConfigurationPlatforms) = postSolution
		{CA07FCEE-0564-4281-A976-B7AD9F90D684}.Debug|Any CPU.ActiveCfg = Debug|Any CPU
		{CA07FCEE-0564-4281-A976-B7AD9F90D684}.Debug|Any CPU.Build.0 = Debug|Any CPU
		{CA07FCEE-0564-4281-A976-B7AD9F90D684}.Debug|x86.ActiveCfg = Debug|Any CPU
		{CA07FCEE-0564-4281-A976-B7AD9F90D684}.Release|Any CPU.ActiveCfg = Release|Any CPU
		{CA07FCEE-0564-4281-A976-B7AD9F90D684}.Release|Any CPU.Build.0 = Release|Any CPU
		{CA07FCEE-0564-4281-A976-B7AD9F90D684}.Release|x86.ActiveCfg = Release|Any CPU
		{DB84D4D3-8568-4032-9E4A-57AD8DE719DE}.Debug|Any CPU.ActiveCfg = Debug|Any CPU
		{DB84D4D3-8568-4032-9E4A-57AD8DE719DE}.Debug|Any CPU.Build.0 = Debug|Any CPU
		{DB84D4D3-8568-4032-9E4A-57AD8DE719DE}.Debug|x86.ActiveCfg = Debug|Any CPU
		{DB84D4D3-8568-4032-9E4A-57AD8DE719DE}.Release|Any CPU.ActiveCfg = Release|Any CPU
		{DB84D4D3-8568-4032-9E4A-57AD8DE719DE}.Release|Any CPU.Build.0 = Release|Any CPU
		{DB84D4D3-8568-4032-9E4A-57AD8DE719DE}.Release|x86.ActiveCfg = Release|Any CPU
		{EB685F99-C0D0-42B4-99A1-85090D51E583}.Debug|Any CPU.ActiveCfg = Debug|Any CPU
		{EB685F99-C0D0-42B4-99A1-85090D51E583}.Debug|Any CPU.Build.0 = Debug|Any CPU
		{EB685F99-C0D0-42B4-99A1-85090D51E583}.Debug|x86.ActiveCfg = Debug|Any CPU
		{EB685F99-C0D0-42B4-99A1-85090D51E583}.Release|Any CPU.ActiveCfg = Release|Any CPU
		{EB685F99-C0D0-42B4-99A1-85090D51E583}.Release|Any CPU.Build.0 = Release|Any CPU
		{EB685F99-C0D0-42B4-99A1-85090D51E583}.Release|x86.ActiveCfg = Release|Any CPU
		{9536D9E5-F9B1-4DB6-9691-C42F1DCB6723}.Debug|Any CPU.ActiveCfg = Debug|Any CPU
		{9536D9E5-F9B1-4DB6-9691-C42F1DCB6723}.Debug|Any CPU.Build.0 = Debug|Any CPU
		{9536D9E5-F9B1-4DB6-9691-C42F1DCB6723}.Debug|x86.ActiveCfg = Debug|Any CPU
		{9536D9E5-F9B1-4DB6-9691-C42F1DCB6723}.Release|Any CPU.ActiveCfg = Release|Any CPU
		{9536D9E5-F9B1-4DB6-9691-C42F1DCB6723}.Release|Any CPU.Build.0 = Release|Any CPU
		{9536D9E5-F9B1-4DB6-9691-C42F1DCB6723}.Release|x86.ActiveCfg = Release|Any CPU
		{122B4674-6EF8-4A5D-BDD6-3E12E7861010}.Debug|Any CPU.ActiveCfg = Debug|Any CPU
		{122B4674-6EF8-4A5D-BDD6-3E12E7861010}.Debug|Any CPU.Build.0 = Debug|Any CPU
		{122B4674-6EF8-4A5D-BDD6-3E12E7861010}.Debug|x86.ActiveCfg = Debug|Any CPU
		{122B4674-6EF8-4A5D-BDD6-3E12E7861010}.Release|Any CPU.ActiveCfg = Release|Any CPU
		{122B4674-6EF8-4A5D-BDD6-3E12E7861010}.Release|Any CPU.Build.0 = Release|Any CPU
		{122B4674-6EF8-4A5D-BDD6-3E12E7861010}.Release|x86.ActiveCfg = Release|Any CPU
		{235277F4-8322-4D0C-817D-5D379F47BAB5}.Debug|Any CPU.ActiveCfg = Debug|Any CPU
		{235277F4-8322-4D0C-817D-5D379F47BAB5}.Debug|Any CPU.Build.0 = Debug|Any CPU
		{235277F4-8322-4D0C-817D-5D379F47BAB5}.Debug|x86.ActiveCfg = Debug|Any CPU
		{235277F4-8322-4D0C-817D-5D379F47BAB5}.Release|Any CPU.ActiveCfg = Release|Any CPU
		{235277F4-8322-4D0C-817D-5D379F47BAB5}.Release|Any CPU.Build.0 = Release|Any CPU
		{235277F4-8322-4D0C-817D-5D379F47BAB5}.Release|x86.ActiveCfg = Release|Any CPU
		{4C159D9C-FFCF-4A0E-9368-4DBCFE0856A1}.Debug|Any CPU.ActiveCfg = Debug|Any CPU
		{4C159D9C-FFCF-4A0E-9368-4DBCFE0856A1}.Debug|Any CPU.Build.0 = Debug|Any CPU
		{4C159D9C-FFCF-4A0E-9368-4DBCFE0856A1}.Debug|x86.ActiveCfg = Debug|Any CPU
		{4C159D9C-FFCF-4A0E-9368-4DBCFE0856A1}.Release|Any CPU.ActiveCfg = Release|Any CPU
		{4C159D9C-FFCF-4A0E-9368-4DBCFE0856A1}.Release|Any CPU.Build.0 = Release|Any CPU
		{4C159D9C-FFCF-4A0E-9368-4DBCFE0856A1}.Release|x86.ActiveCfg = Release|Any CPU
		{8E0B28A2-D5C5-403F-AD13-9C3BC6AC4E6F}.Debug|Any CPU.ActiveCfg = Debug|Any CPU
		{8E0B28A2-D5C5-403F-AD13-9C3BC6AC4E6F}.Debug|Any CPU.Build.0 = Debug|Any CPU
		{8E0B28A2-D5C5-403F-AD13-9C3BC6AC4E6F}.Debug|x86.ActiveCfg = Debug|Any CPU
		{8E0B28A2-D5C5-403F-AD13-9C3BC6AC4E6F}.Release|Any CPU.ActiveCfg = Release|Any CPU
		{8E0B28A2-D5C5-403F-AD13-9C3BC6AC4E6F}.Release|Any CPU.Build.0 = Release|Any CPU
		{8E0B28A2-D5C5-403F-AD13-9C3BC6AC4E6F}.Release|x86.ActiveCfg = Release|Any CPU
		{593EAEF2-CFD5-44A1-BBB7-EFEE76656E07}.Debug|Any CPU.ActiveCfg = Debug|Any CPU
		{593EAEF2-CFD5-44A1-BBB7-EFEE76656E07}.Debug|Any CPU.Build.0 = Debug|Any CPU
		{593EAEF2-CFD5-44A1-BBB7-EFEE76656E07}.Debug|x86.ActiveCfg = Debug|Any CPU
		{593EAEF2-CFD5-44A1-BBB7-EFEE76656E07}.Release|Any CPU.ActiveCfg = Release|Any CPU
		{593EAEF2-CFD5-44A1-BBB7-EFEE76656E07}.Release|Any CPU.Build.0 = Release|Any CPU
		{593EAEF2-CFD5-44A1-BBB7-EFEE76656E07}.Release|x86.ActiveCfg = Release|Any CPU
		{61533B21-4C38-4EA0-B5A8-4BCF8F60776E}.Debug|Any CPU.ActiveCfg = Debug|Any CPU
		{61533B21-4C38-4EA0-B5A8-4BCF8F60776E}.Debug|Any CPU.Build.0 = Debug|Any CPU
		{61533B21-4C38-4EA0-B5A8-4BCF8F60776E}.Debug|x86.ActiveCfg = Debug|Any CPU
		{61533B21-4C38-4EA0-B5A8-4BCF8F60776E}.Release|Any CPU.ActiveCfg = Release|Any CPU
		{61533B21-4C38-4EA0-B5A8-4BCF8F60776E}.Release|Any CPU.Build.0 = Release|Any CPU
		{61533B21-4C38-4EA0-B5A8-4BCF8F60776E}.Release|x86.ActiveCfg = Release|Any CPU
		{92391B48-6844-42C5-9ED7-0F798A51E01B}.Debug|Any CPU.ActiveCfg = Debug|Any CPU
		{92391B48-6844-42C5-9ED7-0F798A51E01B}.Debug|Any CPU.Build.0 = Debug|Any CPU
		{92391B48-6844-42C5-9ED7-0F798A51E01B}.Debug|x86.ActiveCfg = Debug|Any CPU
		{92391B48-6844-42C5-9ED7-0F798A51E01B}.Release|Any CPU.ActiveCfg = Release|Any CPU
		{92391B48-6844-42C5-9ED7-0F798A51E01B}.Release|Any CPU.Build.0 = Release|Any CPU
		{92391B48-6844-42C5-9ED7-0F798A51E01B}.Release|x86.ActiveCfg = Release|Any CPU
		{F47D69ED-F336-4AA5-B958-432834D3A307}.Debug|Any CPU.ActiveCfg = Debug|Any CPU
		{F47D69ED-F336-4AA5-B958-432834D3A307}.Debug|Any CPU.Build.0 = Debug|Any CPU
		{F47D69ED-F336-4AA5-B958-432834D3A307}.Debug|x86.ActiveCfg = Debug|Any CPU
		{F47D69ED-F336-4AA5-B958-432834D3A307}.Release|Any CPU.ActiveCfg = Release|Any CPU
		{F47D69ED-F336-4AA5-B958-432834D3A307}.Release|Any CPU.Build.0 = Release|Any CPU
		{F47D69ED-F336-4AA5-B958-432834D3A307}.Release|x86.ActiveCfg = Release|Any CPU
		{C110A0DC-555E-46F6-ABB4-D9BF86011A72}.Debug|Any CPU.ActiveCfg = Debug|Any CPU
		{C110A0DC-555E-46F6-ABB4-D9BF86011A72}.Debug|Any CPU.Build.0 = Debug|Any CPU
		{C110A0DC-555E-46F6-ABB4-D9BF86011A72}.Debug|x86.ActiveCfg = Debug|Any CPU
		{C110A0DC-555E-46F6-ABB4-D9BF86011A72}.Release|Any CPU.ActiveCfg = Release|Any CPU
		{C110A0DC-555E-46F6-ABB4-D9BF86011A72}.Release|Any CPU.Build.0 = Release|Any CPU
		{C110A0DC-555E-46F6-ABB4-D9BF86011A72}.Release|x86.ActiveCfg = Release|Any CPU
		{BEA3808F-7478-4F19-8C7B-06DD3AC01D02}.Debug|Any CPU.ActiveCfg = Debug|Any CPU
		{BEA3808F-7478-4F19-8C7B-06DD3AC01D02}.Debug|Any CPU.Build.0 = Debug|Any CPU
		{BEA3808F-7478-4F19-8C7B-06DD3AC01D02}.Debug|x86.ActiveCfg = Debug|Any CPU
		{BEA3808F-7478-4F19-8C7B-06DD3AC01D02}.Release|Any CPU.ActiveCfg = Release|Any CPU
		{BEA3808F-7478-4F19-8C7B-06DD3AC01D02}.Release|Any CPU.Build.0 = Release|Any CPU
		{BEA3808F-7478-4F19-8C7B-06DD3AC01D02}.Release|x86.ActiveCfg = Release|Any CPU
	EndGlobalSection
	GlobalSection(SolutionProperties) = preSolution
		HideSolutionNode = FALSE
	EndGlobalSection
EndGlobal
